
Microsoft Visual Studio Solution File, Format Version 12.00
# Visual Studio Version 17
VisualStudioVersion = 17.0.31919.166
MinimumVisualStudioVersion = 10.0.40219.1
Project("{FAE04EC0-301F-11D3-BF4B-00C04F79EFBC}") = "Test1", "Test1\Test1.csproj", "{3D72A2B8-3796-4A7E-AC85-021C604F8BD0}"
EndProject
Global
	GlobalSection(SolutionConfigurationPlatforms) = preSolution
		Debug|Any CPU = Debug|Any CPU
		Release|Any CPU = Release|Any CPU
	EndGlobalSection
	GlobalSection(ProjectConfigurationPlatforms) = postSolution
		{3D72A2B8-3796-4A7E-AC85-021C604F8BD0}.Debug|Any CPU.ActiveCfg = Debug|Any CPU
		{3D72A2B8-3796-4A7E-AC85-021C604F8BD0}.Debug|Any CPU.Build.0 = Debug|Any CPU
		{3D72A2B8-3796-4A7E-AC85-021C604F8BD0}.Release|Any CPU.ActiveCfg = Release|Any CPU
		{3D72A2B8-3796-4A7E-AC85-021C604F8BD0}.Release|Any CPU.Build.0 = Release|Any CPU
	EndGlobalSection
	GlobalSection(SolutionProperties) = preSolution
		HideSolutionNode = FALSE
	EndGlobalSection
	GlobalSection(ExtensibilityGlobals) = postSolution
		SolutionGuid = {237607B1-4B73-4E18-9B2E-D759FEA0C115}
	EndGlobalSection
EndGlobal
